// !$*UTF8*$!
{
	archiveVersion = 1;
	classes = {
	};
	objectVersion = 46;
	objects = {

/* Begin PBXBuildFile section */
		492239711EC814E70079D997 /* AppDelegate.swift in Sources */ = {isa = PBXBuildFile; fileRef = 492239701EC814E70079D997 /* AppDelegate.swift */; };
		492239731EC814E70079D997 /* ViewController.swift in Sources */ = {isa = PBXBuildFile; fileRef = 492239721EC814E70079D997 /* ViewController.swift */; };
		492239751EC814E80079D997 /* Assets.xcassets in Resources */ = {isa = PBXBuildFile; fileRef = 492239741EC814E80079D997 /* Assets.xcassets */; };
		492239781EC814E80079D997 /* Main.storyboard in Resources */ = {isa = PBXBuildFile; fileRef = 492239761EC814E80079D997 /* Main.storyboard */; };
		492239801EC8176C0079D997 /* WannaCryWindowController.swift in Sources */ = {isa = PBXBuildFile; fileRef = 4922397F1EC8176C0079D997 /* WannaCryWindowController.swift */; };
/* End PBXBuildFile section */

/* Begin PBXFileReference section */
		4922396D1EC814E70079D997 /* WannaCry.app */ = {isa = PBXFileReference; explicitFileType = wrapper.application; includeInIndex = 0; path = WannaCry.app; sourceTree = BUILT_PRODUCTS_DIR; };
		492239701EC814E70079D997 /* AppDelegate.swift */ = {isa = PBXFileReference; lastKnownFileType = sourcecode.swift; path = AppDelegate.swift; sourceTree = "<group>"; };
		492239721EC814E70079D997 /* ViewController.swift */ = {isa = PBXFileReference; lastKnownFileType = sourcecode.swift; path = ViewController.swift; sourceTree = "<group>"; };
		492239741EC814E80079D997 /* Assets.xcassets */ = {isa = PBXFileReference; lastKnownFileType = folder.assetcatalog; path = Assets.xcassets; sourceTree = "<group>"; };
		492239771EC814E80079D997 /* Base */ = {isa = PBXFileReference; lastKnownFileType = file.storyboard; name = Base; path = Base.lproj/Main.storyboard; sourceTree = "<group>"; };
		492239791EC814E80079D997 /* Info.plist */ = {isa = PBXFileReference; lastKnownFileType = text.plist.xml; path = Info.plist; sourceTree = "<group>"; };
		4922397F1EC8176C0079D997 /* WannaCryWindowController.swift */ = {isa = PBXFileReference; fileEncoding = 4; lastKnownFileType = sourcecode.swift; path = WannaCryWindowController.swift; sourceTree = "<group>"; };
/* End PBXFileReference section */

/* Begin PBXFrameworksBuildPhase section */
		4922396A1EC814E70079D997 /* Frameworks */ = {
			isa = PBXFrameworksBuildPhase;
			buildActionMask = 2147483647;
			files = (
			);
			runOnlyForDeploymentPostprocessing = 0;
		};
/* End PBXFrameworksBuildPhase section */

/* Begin PBXGroup section */
		492239641EC814E70079D997 = {
			isa = PBXGroup;
			children = (
				4922396F1EC814E70079D997 /* WannaCry */,
				4922396E1EC814E70079D997 /* Products */,
			);
			sourceTree = "<group>";
		};
		4922396E1EC814E70079D997 /* Products */ = {
			isa = PBXGroup;
			children = (
				4922396D1EC814E70079D997 /* WannaCry.app */,
			);
			name = Products;
			sourceTree = "<group>";
		};
		4922396F1EC814E70079D997 /* WannaCry */ = {
			isa = PBXGroup;
			children = (
				492239701EC814E70079D997 /* AppDelegate.swift */,
				492239721EC814E70079D997 /* ViewController.swift */,
				492239741EC814E80079D997 /* Assets.xcassets */,
				492239761EC814E80079D997 /* Main.storyboard */,
				4922397F1EC8176C0079D997 /* WannaCryWindowController.swift */,
				492239791EC814E80079D997 /* Info.plist */,
			);
			path = WannaCry;
			sourceTree = "<group>";
		};
/* End PBXGroup section */

/* Begin PBXNativeTarget section */
		4922396C1EC814E70079D997 /* WannaCry */ = {
			isa = PBXNativeTarget;
			buildConfigurationList = 4922397C1EC814E80079D997 /* Build configuration list for PBXNativeTarget "WannaCry" */;
			buildPhases = (
				492239691EC814E70079D997 /* Sources */,
				4922396A1EC814E70079D997 /* Frameworks */,
				4922396B1EC814E70079D997 /* Resources */,
			);
			buildRules = (
			);
			dependencies = (
			);
			name = WannaCry;
			productName = WannaCry;
			productReference = 4922396D1EC814E70079D997 /* WannaCry.app */;
			productType = "com.apple.product-type.application";
		};
/* End PBXNativeTarget section */

/* Begin PBXProject section */
		492239651EC814E70079D997 /* Project object */ = {
			isa = PBXProject;
			attributes = {
				LastSwiftUpdateCheck = 0830;
				LastUpgradeCheck = 0830;
				ORGANIZATIONNAME = "胡凡";
				TargetAttributes = {
					4922396C1EC814E70079D997 = {
						CreatedOnToolsVersion = 8.3.2;
						ProvisioningStyle = Automatic;
					};
				};
			};
			buildConfigurationList = 492239681EC814E70079D997 /* Build configuration list for PBXProject "WannaCry" */;
			compatibilityVersion = "Xcode 3.2";
			developmentRegion = English;
			hasScannedForEncodings = 0;
			knownRegions = (
				en,
				Base,
			);
			mainGroup = 492239641EC814E70079D997;
			productRefGroup = 4922396E1EC814E70079D997 /* Products */;
			projectDirPath = "";
			projectRoot = "";
			targets = (
				4922396C1EC814E70079D997 /* WannaCry */,
			);
		};
/* End PBXProject section */

/* Begin PBXResourcesBuildPhase section */
		4922396B1EC814E70079D997 /* Resources */ = {
			isa = PBXResourcesBuildPhase;
			buildActionMask = 2147483647;
			files = (
				492239751EC814E80079D997 /* Assets.xcassets in Resources */,
				492239781EC814E80079D997 /* Main.storyboard in Resources */,
			);
			runOnlyForDeploymentPostprocessing = 0;
		};
/* End PBXResourcesBuildPhase section */

/* Begin PBXSourcesBuildPhase section */
		492239691EC814E70079D997 /* Sources */ = {
			isa = PBXSourcesBuildPhase;
			buildActionMask = 2147483647;
			files = (
				492239801EC8176C0079D997 /* WannaCryWindowController.swift in Sources */,
				492239731EC814E70079D997 /* ViewController.swift in Sources */,
				492239711EC814E70079D997 /* AppDelegate.swift in Sources */,
			);
			runOnlyForDeploymentPostprocessing = 0;
		};
/* End PBXSourcesBuildPhase section */

/* Begin PBXVariantGroup section */
		492239761EC814E80079D997 /* Main.storyboard */ = {
			isa = PBXVariantGroup;
			children = (
				492239771EC814E80079D997 /* Base */,
			);
			name = Main.storyboard;
			sourceTree = "<group>";
		};
/* End PBXVariantGroup section */

/* Begin XCBuildConfiguration section */
		4922397A1EC814E80079D997 /* Debug */ = {
			isa = XCBuildConfiguration;
			buildSettings = {
				ALWAYS_SEARCH_USER_PATHS = NO;
				CLANG_ANALYZER_NONNULL = YES;
				CLANG_ANALYZER_NUMBER_OBJECT_CONVERSION = YES_AGGRESSIVE;
				CLANG_CXX_LANGUAGE_STANDARD = "gnu++0x";
				CLANG_CXX_LIBRARY = "libc++";
				CLANG_ENABLE_MODULES = YES;
				CLANG_ENABLE_OBJC_ARC = YES;
				CLANG_WARN_BOOL_CONVERSION = YES;
				CLANG_WARN_CONSTANT_CONVERSION = YES;
				CLANG_WARN_DIRECT_OBJC_ISA_USAGE = YES_ERROR;
				CLANG_WARN_DOCUMENTATION_COMMENTS = YES;
				CLANG_WARN_EMPTY_BODY = YES;
				CLANG_WARN_ENUM_CONVERSION = YES;
				CLANG_WARN_INFINITE_RECURSION = YES;
				CLANG_WARN_INT_CONVERSION = YES;
				CLANG_WARN_OBJC_ROOT_CLASS = YES_ERROR;
				CLANG_WARN_SUSPICIOUS_MOVE = YES;
				CLANG_WARN_UNREACHABLE_CODE = YES;
				CLANG_WARN__DUPLICATE_METHOD_MATCH = YES;
				CODE_SIGN_IDENTITY = "-";
				COPY_PHASE_STRIP = NO;
				DEBUG_INFORMATION_FORMAT = dwarf;
				ENABLE_STRICT_OBJC_MSGSEND = YES;
				ENABLE_TESTABILITY = YES;
				GCC_C_LANGUAGE_STANDARD = gnu99;
				GCC_DYNAMIC_NO_PIC = NO;
				GCC_NO_COMMON_BLOCKS = YES;
				GCC_OPTIMIZATION_LEVEL = 0;
				GCC_PREPROCESSOR_DEFINITIONS = (
					"DEBUG=1",
					"$(inherited)",
				);
				GCC_WARN_64_TO_32_BIT_CONVERSION = YES;
				GCC_WARN_ABOUT_RETURN_TYPE = YES_ERROR;
				GCC_WARN_UNDECLARED_SELECTOR = YES;
				GCC_WARN_UNINITIALIZED_AUTOS = YES_AGGRESSIVE;
				GCC_WARN_UNUSED_FUNCTION = YES;
				GCC_WARN_UNUSED_VARIABLE = YES;
				MACOSX_DEPLOYMENT_TARGET = 10.12;
				MTL_ENABLE_DEBUG_INFO = YES;
				ONLY_ACTIVE_ARCH = YES;
				SDKROOT = macosx;
				SWIFT_ACTIVE_COMPILATION_CONDITIONS = DEBUG;
				SWIFT_OPTIMIZATION_LEVEL = "-Onone";
			};
			name = Debug;
		};
		4922397B1EC814E80079D997 /* Release */ = {
			isa = XCBuildConfiguration;
			buildSettings = {
				ALWAYS_SEARCH_USER_PATHS = NO;
				CLANG_ANALYZER_NONNULL = YES;
				CLANG_ANALYZER_NUMBER_OBJECT_CONVERSION = YES_AGGRESSIVE;
				CLANG_CXX_LANGUAGE_STANDARD = "gnu++0x";
				CLANG_CXX_LIBRARY = "libc++";
				CLANG_ENABLE_MODULES = YES;
				CLANG_ENABLE_OBJC_ARC = YES;
				CLANG_WARN_BOOL_CONVERSION = YES;
				CLANG_WARN_CONSTANT_CONVERSION = YES;
				CLANG_WARN_DIRECT_OBJC_ISA_USAGE = YES_ERROR;
				CLANG_WARN_DOCUMENTATION_COMMENTS = YES;
				CLANG_WARN_EMPTY_BODY = YES;
				CLANG_WARN_ENUM_CONVERSION = YES;
				CLANG_WARN_INFINITE_RECURSION = YES;
				CLANG_WARN_INT_CONVERSION = YES;
				CLANG_WARN_OBJC_ROOT_CLASS = YES_ERROR;
				CLANG_WARN_SUSPICIOUS_MOVE = YES;
				CLANG_WARN_UNREACHABLE_CODE = YES;
				CLANG_WARN__DUPLICATE_METHOD_MATCH = YES;
				CODE_SIGN_IDENTITY = "-";
				COPY_PHASE_STRIP = NO;
				DEBUG_INFORMATION_FORMAT = "dwarf-with-dsym";
				ENABLE_NS_ASSERTIONS = NO;
				ENABLE_STRICT_OBJC_MSGSEND = YES;
				GCC_C_LANGUAGE_STANDARD = gnu99;
				GCC_NO_COMMON_BLOCKS = YES;
				GCC_WARN_64_TO_32_BIT_CONVERSION = YES;
				GCC_WARN_ABOUT_RETURN_TYPE = YES_ERROR;
				GCC_WARN_UNDECLARED_SELECTOR = YES;
				GCC_WARN_UNINITIALIZED_AUTOS = YES_AGGRESSIVE;
				GCC_WARN_UNUSED_FUNCTION = YES;
				GCC_WARN_UNUSED_VARIABLE = YES;
				MACOSX_DEPLOYMENT_TARGET = 10.12;
				MTL_ENABLE_DEBUG_INFO = NO;
				SDKROOT = macosx;
				SWIFT_OPTIMIZATION_LEVEL = "-Owholemodule";
			};
			name = Release;
		};
		4922397D1EC814E80079D997 /* Debug */ = {
			isa = XCBuildConfiguration;
			buildSettings = {
				ASSETCATALOG_COMPILER_APPICON_NAME = AppIcon;
				COMBINE_HIDPI_IMAGES = YES;
				INFOPLIST_FILE = WannaCry/Info.plist;
				LD_RUNPATH_SEARCH_PATHS = "$(inherited) @executable_path/../Frameworks";
				PRODUCT_BUNDLE_IDENTIFIER = "io.github.hufan-akari.WannaCry";
				PRODUCT_NAME = "$(TARGET_NAME)";
				SWIFT_VERSION = 3.0;
			};
			name = Debug;
		};
		4922397E1EC814E80079D997 /* Release */ = {
			isa = XCBuildConfiguration;
			buildSettings = {
				ASSETCATALOG_COMPILER_APPICON_NAME = AppIcon;
				COMBINE_HIDPI_IMAGES = YES;
				INFOPLIST_FILE = WannaCry/Info.plist;
				LD_RUNPATH_SEARCH_PATHS = "$(inherited) @executable_path/../Frameworks";
				PRODUCT_BUNDLE_IDENTIFIER = "io.github.hufan-akari.WannaCry";
				PRODUCT_NAME = "$(TARGET_NAME)";
				SWIFT_VERSION = 3.0;
			};
			name = Release;
		};
/* End XCBuildConfiguration section */

/* Begin XCConfigurationList section */
		492239681EC814E70079D997 /* Build configuration list for PBXProject "WannaCry" */ = {
			isa = XCConfigurationList;
			buildConfigurations = (
				4922397A1EC814E80079D997 /* Debug */,
				4922397B1EC814E80079D997 /* Release */,
			);
			defaultConfigurationIsVisible = 0;
			defaultConfigurationName = Release;
		};
		4922397C1EC814E80079D997 /* Build configuration list for PBXNativeTarget "WannaCry" */ = {
			isa = XCConfigurationList;
			buildConfigurations = (
				4922397D1EC814E80079D997 /* Debug */,
				4922397E1EC814E80079D997 /* Release */,
			);
			defaultConfigurationIsVisible = 0;
			defaultConfigurationName = Release;
		};
/* End XCConfigurationList section */
	};
	rootObject = 492239651EC814E70079D997 /* Project object */;
}
